// !$*UTF8*$!
{
	archiveVersion = 1;
	classes = {
	};
	objectVersion = 48;
	objects = {

/* Begin PBXBuildFile section */
		21DAB22B20332CD400310A0C /* DWSearchView.m in Sources */ = {isa = PBXBuildFile; fileRef = 21DAB22A20332CD400310A0C /* DWSearchView.m */; };
		21FD4AE41FC52947001DC362 /* NSArray+DWArrayUtils.m in Sources */ = {isa = PBXBuildFile; fileRef = 21FD4AE21FC52946001DC362 /* NSArray+DWArrayUtils.m */; };
		21FD4AE71FC52952001DC362 /* UIDevice+DWDeviceUtils.m in Sources */ = {isa = PBXBuildFile; fileRef = 21FD4AE61FC52952001DC362 /* UIDevice+DWDeviceUtils.m */; };
		21FD4AEA1FC5295E001DC362 /* DWFileManager.m in Sources */ = {isa = PBXBuildFile; fileRef = 21FD4AE91FC5295E001DC362 /* DWFileManager.m */; };
		9ADF4B002F668829156088A9 /* libPods-DWLogger.a in Frameworks */ = {isa = PBXBuildFile; fileRef = A3FBA6F16FD830C8B5CEC6C2 /* libPods-DWLogger.a */; };
		9B1592FD1F83D3F3003ECA7E /* DWLoggerBundle.bundle in Resources */ = {isa = PBXBuildFile; fileRef = 9B1592EF1F83D3F3003ECA7E /* DWLoggerBundle.bundle */; };
		9B1592FE1F83D3F3003ECA7E /* DWLogManager.m in Sources */ = {isa = PBXBuildFile; fileRef = 9B1592F11F83D3F3003ECA7E /* DWLogManager.m */; };
		9B1592FF1F83D3F3003ECA7E /* DWLogView.m in Sources */ = {isa = PBXBuildFile; fileRef = 9B1592F31F83D3F3003ECA7E /* DWLogView.m */; };
		9B2FA0CF1F7A276100AAC6CF /* AppDelegate.m in Sources */ = {isa = PBXBuildFile; fileRef = 9B2FA0CE1F7A276100AAC6CF /* AppDelegate.m */; };
		9B2FA0D21F7A276100AAC6CF /* ViewController.m in Sources */ = {isa = PBXBuildFile; fileRef = 9B2FA0D11F7A276100AAC6CF /* ViewController.m */; };
		9B2FA0D51F7A276100AAC6CF /* Main.storyboard in Resources */ = {isa = PBXBuildFile; fileRef = 9B2FA0D31F7A276100AAC6CF /* Main.storyboard */; };
		9B2FA0D71F7A276100AAC6CF /* Assets.xcassets in Resources */ = {isa = PBXBuildFile; fileRef = 9B2FA0D61F7A276100AAC6CF /* Assets.xcassets */; };
		9B2FA0DA1F7A276100AAC6CF /* LaunchScreen.storyboard in Resources */ = {isa = PBXBuildFile; fileRef = 9B2FA0D81F7A276100AAC6CF /* LaunchScreen.storyboard */; };
		9B2FA0DD1F7A276100AAC6CF /* main.m in Sources */ = {isa = PBXBuildFile; fileRef = 9B2FA0DC1F7A276100AAC6CF /* main.m */; };
		9B2FA0E71F7A276100AAC6CF /* DWLoggerTests.m in Sources */ = {isa = PBXBuildFile; fileRef = 9B2FA0E61F7A276100AAC6CF /* DWLoggerTests.m */; };
		9B2FA0F21F7A276100AAC6CF /* DWLoggerUITests.m in Sources */ = {isa = PBXBuildFile; fileRef = 9B2FA0F11F7A276100AAC6CF /* DWLoggerUITests.m */; };
		9B7B14D121786CCD00705D5C /* UIWindow+DWLoggerShake.m in Sources */ = {isa = PBXBuildFile; fileRef = 9B7B14D021786CCD00705D5C /* UIWindow+DWLoggerShake.m */; };
		9BDFE5D21F90DEC300650A25 /* DWCrashCollector.m in Sources */ = {isa = PBXBuildFile; fileRef = 9BDFE5CB1F90DEC200650A25 /* DWCrashCollector.m */; };
/* End PBXBuildFile section */

/* Begin PBXContainerItemProxy section */
		9B2FA0E31F7A276100AAC6CF /* PBXContainerItemProxy */ = {
			isa = PBXContainerItemProxy;
			containerPortal = 9B2FA0C21F7A276100AAC6CF /* Project object */;
			proxyType = 1;
			remoteGlobalIDString = 9B2FA0C91F7A276100AAC6CF;
			remoteInfo = DWLogger;
		};
		9B2FA0EE1F7A276100AAC6CF /* PBXContainerItemProxy */ = {
			isa = PBXContainerItemProxy;
			containerPortal = 9B2FA0C21F7A276100AAC6CF /* Project object */;
			proxyType = 1;
			remoteGlobalIDString = 9B2FA0C91F7A276100AAC6CF;
			remoteInfo = DWLogger;
		};
/* End PBXContainerItemProxy section */

/* Begin PBXFileReference section */
		21DAB22920332CD400310A0C /* DWSearchView.h */ = {isa = PBXFileReference; fileEncoding = 4; lastKnownFileType = sourcecode.c.h; path = DWSearchView.h; sourceTree = "<group>"; };
		21DAB22A20332CD400310A0C /* DWSearchView.m */ = {isa = PBXFileReference; fileEncoding = 4; lastKnownFileType = sourcecode.c.objc; path = DWSearchView.m; sourceTree = "<group>"; };
		21FD4AE21FC52946001DC362 /* NSArray+DWArrayUtils.m */ = {isa = PBXFileReference; fileEncoding = 4; lastKnownFileType = sourcecode.c.objc; name = "NSArray+DWArrayUtils.m"; path = "Dependence/DWArrayUtils/NSArray+DWArrayUtils.m"; sourceTree = "<group>"; };
		21FD4AE31FC52947001DC362 /* NSArray+DWArrayUtils.h */ = {isa = PBXFileReference; fileEncoding = 4; lastKnownFileType = sourcecode.c.h; name = "NSArray+DWArrayUtils.h"; path = "Dependence/DWArrayUtils/NSArray+DWArrayUtils.h"; sourceTree = "<group>"; };
		21FD4AE51FC52952001DC362 /* UIDevice+DWDeviceUtils.h */ = {isa = PBXFileReference; fileEncoding = 4; lastKnownFileType = sourcecode.c.h; name = "UIDevice+DWDeviceUtils.h"; path = "Dependence/DWDeviceUtils/UIDevice+DWDeviceUtils.h"; sourceTree = "<group>"; };
		21FD4AE61FC52952001DC362 /* UIDevice+DWDeviceUtils.m */ = {isa = PBXFileReference; fileEncoding = 4; lastKnownFileType = sourcecode.c.objc; name = "UIDevice+DWDeviceUtils.m"; path = "Dependence/DWDeviceUtils/UIDevice+DWDeviceUtils.m"; sourceTree = "<group>"; };
		21FD4AE81FC5295E001DC362 /* DWFileManager.h */ = {isa = PBXFileReference; fileEncoding = 4; lastKnownFileType = sourcecode.c.h; name = DWFileManager.h; path = Dependence/DWFileManager/DWFileManager.h; sourceTree = "<group>"; };
		21FD4AE91FC5295E001DC362 /* DWFileManager.m */ = {isa = PBXFileReference; fileEncoding = 4; lastKnownFileType = sourcecode.c.objc; name = DWFileManager.m; path = Dependence/DWFileManager/DWFileManager.m; sourceTree = "<group>"; };
		3BE2D13F5958B27F6C86EA4E /* Pods-DWLogger.debug.xcconfig */ = {isa = PBXFileReference; includeInIndex = 1; lastKnownFileType = text.xcconfig; name = "Pods-DWLogger.debug.xcconfig"; path = "Pods/Target Support Files/Pods-DWLogger/Pods-DWLogger.debug.xcconfig"; sourceTree = "<group>"; };
		9B1592EE1F83D3F3003ECA7E /* DWLogger.h */ = {isa = PBXFileReference; fileEncoding = 4; lastKnownFileType = sourcecode.c.h; path = DWLogger.h; sourceTree = "<group>"; };
		9B1592EF1F83D3F3003ECA7E /* DWLoggerBundle.bundle */ = {isa = PBXFileReference; lastKnownFileType = "wrapper.plug-in"; path = DWLoggerBundle.bundle; sourceTree = "<group>"; };
		9B1592F01F83D3F3003ECA7E /* DWLogManager.h */ = {isa = PBXFileReference; fileEncoding = 4; lastKnownFileType = sourcecode.c.h; path = DWLogManager.h; sourceTree = "<group>"; };
		9B1592F11F83D3F3003ECA7E /* DWLogManager.m */ = {isa = PBXFileReference; fileEncoding = 4; lastKnownFileType = sourcecode.c.objc; path = DWLogManager.m; sourceTree = "<group>"; };
		9B1592F21F83D3F3003ECA7E /* DWLogView.h */ = {isa = PBXFileReference; fileEncoding = 4; lastKnownFileType = sourcecode.c.h; path = DWLogView.h; sourceTree = "<group>"; };
		9B1592F31F83D3F3003ECA7E /* DWLogView.m */ = {isa = PBXFileReference; fileEncoding = 4; lastKnownFileType = sourcecode.c.objc; path = DWLogView.m; sourceTree = "<group>"; };
		9B2FA0CA1F7A276100AAC6CF /* DWLogger.app */ = {isa = PBXFileReference; explicitFileType = wrapper.application; includeInIndex = 0; path = DWLogger.app; sourceTree = BUILT_PRODUCTS_DIR; };
		9B2FA0CD1F7A276100AAC6CF /* AppDelegate.h */ = {isa = PBXFileReference; lastKnownFileType = sourcecode.c.h; path = AppDelegate.h; sourceTree = "<group>"; };
		9B2FA0CE1F7A276100AAC6CF /* AppDelegate.m */ = {isa = PBXFileReference; lastKnownFileType = sourcecode.c.objc; path = AppDelegate.m; sourceTree = "<group>"; };
		9B2FA0D01F7A276100AAC6CF /* ViewController.h */ = {isa = PBXFileReference; lastKnownFileType = sourcecode.c.h; path = ViewController.h; sourceTree = "<group>"; };
		9B2FA0D11F7A276100AAC6CF /* ViewController.m */ = {isa = PBXFileReference; lastKnownFileType = sourcecode.c.objc; path = ViewController.m; sourceTree = "<group>"; };
		9B2FA0D41F7A276100AAC6CF /* Base */ = {isa = PBXFileReference; lastKnownFileType = file.storyboard; name = Base; path = Base.lproj/Main.storyboard; sourceTree = "<group>"; };
		9B2FA0D61F7A276100AAC6CF /* Assets.xcassets */ = {isa = PBXFileReference; lastKnownFileType = folder.assetcatalog; path = Assets.xcassets; sourceTree = "<group>"; };
		9B2FA0D91F7A276100AAC6CF /* Base */ = {isa = PBXFileReference; lastKnownFileType = file.storyboard; name = Base; path = Base.lproj/LaunchScreen.storyboard; sourceTree = "<group>"; };
		9B2FA0DB1F7A276100AAC6CF /* Info.plist */ = {isa = PBXFileReference; lastKnownFileType = text.plist.xml; path = Info.plist; sourceTree = "<group>"; };
		9B2FA0DC1F7A276100AAC6CF /* main.m */ = {isa = PBXFileReference; lastKnownFileType = sourcecode.c.objc; path = main.m; sourceTree = "<group>"; };
		9B2FA0E21F7A276100AAC6CF /* DWLoggerTests.xctest */ = {isa = PBXFileReference; explicitFileType = wrapper.cfbundle; includeInIndex = 0; path = DWLoggerTests.xctest; sourceTree = BUILT_PRODUCTS_DIR; };
		9B2FA0E61F7A276100AAC6CF /* DWLoggerTests.m */ = {isa = PBXFileReference; lastKnownFileType = sourcecode.c.objc; path = DWLoggerTests.m; sourceTree = "<group>"; };
		9B2FA0E81F7A276100AAC6CF /* Info.plist */ = {isa = PBXFileReference; lastKnownFileType = text.plist.xml; path = Info.plist; sourceTree = "<group>"; };
		9B2FA0ED1F7A276100AAC6CF /* DWLoggerUITests.xctest */ = {isa = PBXFileReference; explicitFileType = wrapper.cfbundle; includeInIndex = 0; path = DWLoggerUITests.xctest; sourceTree = BUILT_PRODUCTS_DIR; };
		9B2FA0F11F7A276100AAC6CF /* DWLoggerUITests.m */ = {isa = PBXFileReference; lastKnownFileType = sourcecode.c.objc; path = DWLoggerUITests.m; sourceTree = "<group>"; };
		9B2FA0F31F7A276100AAC6CF /* Info.plist */ = {isa = PBXFileReference; lastKnownFileType = text.plist.xml; path = Info.plist; sourceTree = "<group>"; };
		9B7B14CF21786CCD00705D5C /* UIWindow+DWLoggerShake.h */ = {isa = PBXFileReference; lastKnownFileType = sourcecode.c.h; path = "UIWindow+DWLoggerShake.h"; sourceTree = "<group>"; };
		9B7B14D021786CCD00705D5C /* UIWindow+DWLoggerShake.m */ = {isa = PBXFileReference; lastKnownFileType = sourcecode.c.objc; path = "UIWindow+DWLoggerShake.m"; sourceTree = "<group>"; };
		9B7B14D221786FF500705D5C /* DWLoggerMacro.h */ = {isa = PBXFileReference; lastKnownFileType = sourcecode.c.h; path = DWLoggerMacro.h; sourceTree = "<group>"; };
		9BDFE5CA1F90DEC200650A25 /* DWCrashCollector.h */ = {isa = PBXFileReference; fileEncoding = 4; lastKnownFileType = sourcecode.c.h; path = DWCrashCollector.h; sourceTree = "<group>"; };
		9BDFE5CB1F90DEC200650A25 /* DWCrashCollector.m */ = {isa = PBXFileReference; fileEncoding = 4; lastKnownFileType = sourcecode.c.objc; path = DWCrashCollector.m; sourceTree = "<group>"; };
		A3FBA6F16FD830C8B5CEC6C2 /* libPods-DWLogger.a */ = {isa = PBXFileReference; explicitFileType = archive.ar; includeInIndex = 0; path = "libPods-DWLogger.a"; sourceTree = BUILT_PRODUCTS_DIR; };
		CC7128D836E4B4E185B3B918 /* Pods-DWLogger.release.xcconfig */ = {isa = PBXFileReference; includeInIndex = 1; lastKnownFileType = text.xcconfig; name = "Pods-DWLogger.release.xcconfig"; path = "Pods/Target Support Files/Pods-DWLogger/Pods-DWLogger.release.xcconfig"; sourceTree = "<group>"; };
/* End PBXFileReference section */

/* Begin PBXFrameworksBuildPhase section */
		9B2FA0C71F7A276100AAC6CF /* Frameworks */ = {
			isa = PBXFrameworksBuildPhase;
			buildActionMask = 2147483647;
			files = (
				9ADF4B002F668829156088A9 /* libPods-DWLogger.a in Frameworks */,
			);
			runOnlyForDeploymentPostprocessing = 0;
		};
		9B2FA0DF1F7A276100AAC6CF /* Frameworks */ = {
			isa = PBXFrameworksBuildPhase;
			buildActionMask = 2147483647;
			files = (
			);
			runOnlyForDeploymentPostprocessing = 0;
		};
		9B2FA0EA1F7A276100AAC6CF /* Frameworks */ = {
			isa = PBXFrameworksBuildPhase;
			buildActionMask = 2147483647;
			files = (
			);
			runOnlyForDeploymentPostprocessing = 0;
		};
/* End PBXFrameworksBuildPhase section */

/* Begin PBXGroup section */
		9B1592D71F83D3F2003ECA7E /* DWLogger */ = {
			isa = PBXGroup;
			children = (
				21DAB22920332CD400310A0C /* DWSearchView.h */,
				21DAB22A20332CD400310A0C /* DWSearchView.m */,
				21FD4AE81FC5295E001DC362 /* DWFileManager.h */,
				21FD4AE91FC5295E001DC362 /* DWFileManager.m */,
				21FD4AE51FC52952001DC362 /* UIDevice+DWDeviceUtils.h */,
				21FD4AE61FC52952001DC362 /* UIDevice+DWDeviceUtils.m */,
				21FD4AE31FC52947001DC362 /* NSArray+DWArrayUtils.h */,
				21FD4AE21FC52946001DC362 /* NSArray+DWArrayUtils.m */,
				9BDFE5CA1F90DEC200650A25 /* DWCrashCollector.h */,
				9BDFE5CB1F90DEC200650A25 /* DWCrashCollector.m */,
				9B1592EE1F83D3F3003ECA7E /* DWLogger.h */,
				9B1592EF1F83D3F3003ECA7E /* DWLoggerBundle.bundle */,
				9B1592F01F83D3F3003ECA7E /* DWLogManager.h */,
				9B1592F11F83D3F3003ECA7E /* DWLogManager.m */,
				9B1592F21F83D3F3003ECA7E /* DWLogView.h */,
				9B1592F31F83D3F3003ECA7E /* DWLogView.m */,
				9B7B14CF21786CCD00705D5C /* UIWindow+DWLoggerShake.h */,
				9B7B14D021786CCD00705D5C /* UIWindow+DWLoggerShake.m */,
				9B7B14D221786FF500705D5C /* DWLoggerMacro.h */,
			);
			name = DWLogger;
			path = ../../DWLogger;
			sourceTree = "<group>";
		};
		9B2FA0C11F7A276100AAC6CF = {
			isa = PBXGroup;
			children = (
				9B2FA0CC1F7A276100AAC6CF /* DWLogger */,
				9B2FA0E51F7A276100AAC6CF /* DWLoggerTests */,
				9B2FA0F01F7A276100AAC6CF /* DWLoggerUITests */,
				9B2FA0CB1F7A276100AAC6CF /* Products */,
				A5BFE68C38F9A5F9B85186AC /* Pods */,
				D5608DC73AB41FB58D01B174 /* Frameworks */,
			);
			sourceTree = "<group>";
		};
		9B2FA0CB1F7A276100AAC6CF /* Products */ = {
			isa = PBXGroup;
			children = (
				9B2FA0CA1F7A276100AAC6CF /* DWLogger.app */,
				9B2FA0E21F7A276100AAC6CF /* DWLoggerTests.xctest */,
				9B2FA0ED1F7A276100AAC6CF /* DWLoggerUITests.xctest */,
			);
			name = Products;
			sourceTree = "<group>";
		};
		9B2FA0CC1F7A276100AAC6CF /* DWLogger */ = {
			isa = PBXGroup;
			children = (
				9B1592D71F83D3F2003ECA7E /* DWLogger */,
				9B2FA0CD1F7A276100AAC6CF /* AppDelegate.h */,
				9B2FA0CE1F7A276100AAC6CF /* AppDelegate.m */,
				9B2FA0D01F7A276100AAC6CF /* ViewController.h */,
				9B2FA0D11F7A276100AAC6CF /* ViewController.m */,
				9B2FA0D31F7A276100AAC6CF /* Main.storyboard */,
				9B2FA0D61F7A276100AAC6CF /* Assets.xcassets */,
				9B2FA0D81F7A276100AAC6CF /* LaunchScreen.storyboard */,
				9B2FA0DB1F7A276100AAC6CF /* Info.plist */,
				9B2FA0DC1F7A276100AAC6CF /* main.m */,
			);
			path = DWLogger;
			sourceTree = "<group>";
		};
		9B2FA0E51F7A276100AAC6CF /* DWLoggerTests */ = {
			isa = PBXGroup;
			children = (
				9B2FA0E61F7A276100AAC6CF /* DWLoggerTests.m */,
				9B2FA0E81F7A276100AAC6CF /* Info.plist */,
			);
			path = DWLoggerTests;
			sourceTree = "<group>";
		};
		9B2FA0F01F7A276100AAC6CF /* DWLoggerUITests */ = {
			isa = PBXGroup;
			children = (
				9B2FA0F11F7A276100AAC6CF /* DWLoggerUITests.m */,
				9B2FA0F31F7A276100AAC6CF /* Info.plist */,
			);
			path = DWLoggerUITests;
			sourceTree = "<group>";
		};
		A5BFE68C38F9A5F9B85186AC /* Pods */ = {
			isa = PBXGroup;
			children = (
				3BE2D13F5958B27F6C86EA4E /* Pods-DWLogger.debug.xcconfig */,
				CC7128D836E4B4E185B3B918 /* Pods-DWLogger.release.xcconfig */,
			);
			name = Pods;
			sourceTree = "<group>";
		};
		D5608DC73AB41FB58D01B174 /* Frameworks */ = {
			isa = PBXGroup;
			children = (
				A3FBA6F16FD830C8B5CEC6C2 /* libPods-DWLogger.a */,
			);
			name = Frameworks;
			sourceTree = "<group>";
		};
/* End PBXGroup section */

/* Begin PBXNativeTarget section */
		9B2FA0C91F7A276100AAC6CF /* DWLogger */ = {
			isa = PBXNativeTarget;
			buildConfigurationList = 9B2FA0F61F7A276100AAC6CF /* Build configuration list for PBXNativeTarget "DWLogger" */;
			buildPhases = (
				86E01DE4AD6D1D0A6ABF4765 /* [CP] Check Pods Manifest.lock */,
				9B2FA0C61F7A276100AAC6CF /* Sources */,
				9B2FA0C71F7A276100AAC6CF /* Frameworks */,
				9B2FA0C81F7A276100AAC6CF /* Resources */,
				CF6186BE09A043E2DBE3B6AD /* [CP] Embed Pods Frameworks */,
				932D6BCCB41508189C106F96 /* [CP] Copy Pods Resources */,
			);
			buildRules = (
			);
			dependencies = (
			);
			name = DWLogger;
			productName = DWLogger;
			productReference = 9B2FA0CA1F7A276100AAC6CF /* DWLogger.app */;
			productType = "com.apple.product-type.application";
		};
		9B2FA0E11F7A276100AAC6CF /* DWLoggerTests */ = {
			isa = PBXNativeTarget;
			buildConfigurationList = 9B2FA0F91F7A276100AAC6CF /* Build configuration list for PBXNativeTarget "DWLoggerTests" */;
			buildPhases = (
				9B2FA0DE1F7A276100AAC6CF /* Sources */,
				9B2FA0DF1F7A276100AAC6CF /* Frameworks */,
				9B2FA0E01F7A276100AAC6CF /* Resources */,
			);
			buildRules = (
			);
			dependencies = (
				9B2FA0E41F7A276100AAC6CF /* PBXTargetDependency */,
			);
			name = DWLoggerTests;
			productName = DWLoggerTests;
			productReference = 9B2FA0E21F7A276100AAC6CF /* DWLoggerTests.xctest */;
			productType = "com.apple.product-type.bundle.unit-test";
		};
		9B2FA0EC1F7A276100AAC6CF /* DWLoggerUITests */ = {
			isa = PBXNativeTarget;
			buildConfigurationList = 9B2FA0FC1F7A276100AAC6CF /* Build configuration list for PBXNativeTarget "DWLoggerUITests" */;
			buildPhases = (
				9B2FA0E91F7A276100AAC6CF /* Sources */,
				9B2FA0EA1F7A276100AAC6CF /* Frameworks */,
				9B2FA0EB1F7A276100AAC6CF /* Resources */,
			);
			buildRules = (
			);
			dependencies = (
				9B2FA0EF1F7A276100AAC6CF /* PBXTargetDependency */,
			);
			name = DWLoggerUITests;
			productName = DWLoggerUITests;
			productReference = 9B2FA0ED1F7A276100AAC6CF /* DWLoggerUITests.xctest */;
			productType = "com.apple.product-type.bundle.ui-testing";
		};
/* End PBXNativeTarget section */

/* Begin PBXProject section */
		9B2FA0C21F7A276100AAC6CF /* Project object */ = {
			isa = PBXProject;
			attributes = {
				LastUpgradeCheck = 0900;
				ORGANIZATIONNAME = Wicky;
				TargetAttributes = {
					9B2FA0C91F7A276100AAC6CF = {
						CreatedOnToolsVersion = 9.0;
						ProvisioningStyle = Automatic;
					};
					9B2FA0E11F7A276100AAC6CF = {
						CreatedOnToolsVersion = 9.0;
						ProvisioningStyle = Automatic;
						TestTargetID = 9B2FA0C91F7A276100AAC6CF;
					};
					9B2FA0EC1F7A276100AAC6CF = {
						CreatedOnToolsVersion = 9.0;
						ProvisioningStyle = Automatic;
						TestTargetID = 9B2FA0C91F7A276100AAC6CF;
					};
				};
			};
			buildConfigurationList = 9B2FA0C51F7A276100AAC6CF /* Build configuration list for PBXProject "DWLogger" */;
			compatibilityVersion = "Xcode 8.0";
			developmentRegion = en;
			hasScannedForEncodings = 0;
			knownRegions = (
				en,
				Base,
			);
			mainGroup = 9B2FA0C11F7A276100AAC6CF;
			productRefGroup = 9B2FA0CB1F7A276100AAC6CF /* Products */;
			projectDirPath = "";
			projectRoot = "";
			targets = (
				9B2FA0C91F7A276100AAC6CF /* DWLogger */,
				9B2FA0E11F7A276100AAC6CF /* DWLoggerTests */,
				9B2FA0EC1F7A276100AAC6CF /* DWLoggerUITests */,
			);
		};
/* End PBXProject section */

/* Begin PBXResourcesBuildPhase section */
		9B2FA0C81F7A276100AAC6CF /* Resources */ = {
			isa = PBXResourcesBuildPhase;
			buildActionMask = 2147483647;
			files = (
				9B2FA0DA1F7A276100AAC6CF /* LaunchScreen.storyboard in Resources */,
				9B2FA0D71F7A276100AAC6CF /* Assets.xcassets in Resources */,
				9B2FA0D51F7A276100AAC6CF /* Main.storyboard in Resources */,
				9B1592FD1F83D3F3003ECA7E /* DWLoggerBundle.bundle in Resources */,
			);
			runOnlyForDeploymentPostprocessing = 0;
		};
		9B2FA0E01F7A276100AAC6CF /* Resources */ = {
			isa = PBXResourcesBuildPhase;
			buildActionMask = 2147483647;
			files = (
			);
			runOnlyForDeploymentPostprocessing = 0;
		};
		9B2FA0EB1F7A276100AAC6CF /* Resources */ = {
			isa = PBXResourcesBuildPhase;
			buildActionMask = 2147483647;
			files = (
			);
			runOnlyForDeploymentPostprocessing = 0;
		};
/* End PBXResourcesBuildPhase section */

/* Begin PBXShellScriptBuildPhase section */
		86E01DE4AD6D1D0A6ABF4765 /* [CP] Check Pods Manifest.lock */ = {
			isa = PBXShellScriptBuildPhase;
			buildActionMask = 2147483647;
			files = (
			);
			inputPaths = (
				"${PODS_PODFILE_DIR_PATH}/Podfile.lock",
				"${PODS_ROOT}/Manifest.lock",
			);
			name = "[CP] Check Pods Manifest.lock";
			outputPaths = (
				"$(DERIVED_FILE_DIR)/Pods-DWLogger-checkManifestLockResult.txt",
			);
			runOnlyForDeploymentPostprocessing = 0;
			shellPath = /bin/sh;
			shellScript = "diff \"${PODS_PODFILE_DIR_PATH}/Podfile.lock\" \"${PODS_ROOT}/Manifest.lock\" > /dev/null\nif [ $? != 0 ] ; then\n    # print error to STDERR\n    echo \"error: The sandbox is not in sync with the Podfile.lock. Run 'pod install' or update your CocoaPods installation.\" >&2\n    exit 1\nfi\n# This output is used by Xcode 'outputs' to avoid re-running this script phase.\necho \"SUCCESS\" > \"${SCRIPT_OUTPUT_FILE_0}\"\n";
			showEnvVarsInLog = 0;
		};
		932D6BCCB41508189C106F96 /* [CP] Copy Pods Resources */ = {
			isa = PBXShellScriptBuildPhase;
			buildActionMask = 2147483647;
			files = (
			);
			inputPaths = (
				"${SRCROOT}/Pods/Target Support Files/Pods-DWLogger/Pods-DWLogger-resources.sh",
				"${PODS_ROOT}/DWCheckBox/DWCheckBox/DWCheckBoxBundle.bundle",
				"${PODS_ROOT}/DWTableViewHelper/DWTableViewHelper/DWTableViewHelperResource.bundle",
			);
			name = "[CP] Copy Pods Resources";
			outputPaths = (
				"${TARGET_BUILD_DIR}/${UNLOCALIZED_RESOURCES_FOLDER_PATH}",
			);
			runOnlyForDeploymentPostprocessing = 0;
			shellPath = /bin/sh;
			shellScript = "\"${SRCROOT}/Pods/Target Support Files/Pods-DWLogger/Pods-DWLogger-resources.sh\"\n";
			showEnvVarsInLog = 0;
		};
		CF6186BE09A043E2DBE3B6AD /* [CP] Embed Pods Frameworks */ = {
			isa = PBXShellScriptBuildPhase;
			buildActionMask = 2147483647;
			files = (
			);
			inputPaths = (
			);
			name = "[CP] Embed Pods Frameworks";
			outputPaths = (
			);
			runOnlyForDeploymentPostprocessing = 0;
			shellPath = /bin/sh;
			shellScript = "\"${SRCROOT}/Pods/Target Support Files/Pods-DWLogger/Pods-DWLogger-frameworks.sh\"\n";
			showEnvVarsInLog = 0;
		};
/* End PBXShellScriptBuildPhase section */

/* Begin PBXSourcesBuildPhase section */
		9B2FA0C61F7A276100AAC6CF /* Sources */ = {
			isa = PBXSourcesBuildPhase;
			buildActionMask = 2147483647;
			files = (
				21FD4AE71FC52952001DC362 /* UIDevice+DWDeviceUtils.m in Sources */,
				9BDFE5D21F90DEC300650A25 /* DWCrashCollector.m in Sources */,
				9B2FA0D21F7A276100AAC6CF /* ViewController.m in Sources */,
				9B2FA0DD1F7A276100AAC6CF /* main.m in Sources */,
				21FD4AEA1FC5295E001DC362 /* DWFileManager.m in Sources */,
				21DAB22B20332CD400310A0C /* DWSearchView.m in Sources */,
				21FD4AE41FC52947001DC362 /* NSArray+DWArrayUtils.m in Sources */,
				9B2FA0CF1F7A276100AAC6CF /* AppDelegate.m in Sources */,
				9B1592FE1F83D3F3003ECA7E /* DWLogManager.m in Sources */,
				9B1592FF1F83D3F3003ECA7E /* DWLogView.m in Sources */,
				9B7B14D121786CCD00705D5C /* UIWindow+DWLoggerShake.m in Sources */,
			);
			runOnlyForDeploymentPostprocessing = 0;
		};
		9B2FA0DE1F7A276100AAC6CF /* Sources */ = {
			isa = PBXSourcesBuildPhase;
			buildActionMask = 2147483647;
			files = (
				9B2FA0E71F7A276100AAC6CF /* DWLoggerTests.m in Sources */,
			);
			runOnlyForDeploymentPostprocessing = 0;
		};
		9B2FA0E91F7A276100AAC6CF /* Sources */ = {
			isa = PBXSourcesBuildPhase;
			buildActionMask = 2147483647;
			files = (
				9B2FA0F21F7A276100AAC6CF /* DWLoggerUITests.m in Sources */,
			);
			runOnlyForDeploymentPostprocessing = 0;
		};
/* End PBXSourcesBuildPhase section */

/* Begin PBXTargetDependency section */
		9B2FA0E41F7A276100AAC6CF /* PBXTargetDependency */ = {
			isa = PBXTargetDependency;
			target = 9B2FA0C91F7A276100AAC6CF /* DWLogger */;
			targetProxy = 9B2FA0E31F7A276100AAC6CF /* PBXContainerItemProxy */;
		};
		9B2FA0EF1F7A276100AAC6CF /* PBXTargetDependency */ = {
			isa = PBXTargetDependency;
			target = 9B2FA0C91F7A276100AAC6CF /* DWLogger */;
			targetProxy = 9B2FA0EE1F7A276100AAC6CF /* PBXContainerItemProxy */;
		};
/* End PBXTargetDependency section */

/* Begin PBXVariantGroup section */
		9B2FA0D31F7A276100AAC6CF /* Main.storyboard */ = {
			isa = PBXVariantGroup;
			children = (
				9B2FA0D41F7A276100AAC6CF /* Base */,
			);
			name = Main.storyboard;
			sourceTree = "<group>";
		};
		9B2FA0D81F7A276100AAC6CF /* LaunchScreen.storyboard */ = {
			isa = PBXVariantGroup;
			children = (
				9B2FA0D91F7A276100AAC6CF /* Base */,
			);
			name = LaunchScreen.storyboard;
			sourceTree = "<group>";
		};
/* End PBXVariantGroup section */

/* Begin XCBuildConfiguration section */
		9B2FA0F41F7A276100AAC6CF /* Debug */ = {
			isa = XCBuildConfiguration;
			buildSettings = {
				ALWAYS_SEARCH_USER_PATHS = NO;
				CLANG_ANALYZER_NONNULL = YES;
				CLANG_ANALYZER_NUMBER_OBJECT_CONVERSION = YES_AGGRESSIVE;
				CLANG_CXX_LANGUAGE_STANDARD = "gnu++14";
				CLANG_CXX_LIBRARY = "libc++";
				CLANG_ENABLE_MODULES = YES;
				CLANG_ENABLE_OBJC_ARC = YES;
				CLANG_WARN_BLOCK_CAPTURE_AUTORELEASING = YES;
				CLANG_WARN_BOOL_CONVERSION = YES;
				CLANG_WARN_COMMA = YES;
				CLANG_WARN_CONSTANT_CONVERSION = YES;
				CLANG_WARN_DIRECT_OBJC_ISA_USAGE = YES_ERROR;
				CLANG_WARN_DOCUMENTATION_COMMENTS = YES;
				CLANG_WARN_EMPTY_BODY = YES;
				CLANG_WARN_ENUM_CONVERSION = YES;
				CLANG_WARN_INFINITE_RECURSION = YES;
				CLANG_WARN_INT_CONVERSION = YES;
				CLANG_WARN_NON_LITERAL_NULL_CONVERSION = YES;
				CLANG_WARN_OBJC_LITERAL_CONVERSION = YES;
				CLANG_WARN_OBJC_ROOT_CLASS = YES_ERROR;
				CLANG_WARN_RANGE_LOOP_ANALYSIS = YES;
				CLANG_WARN_STRICT_PROTOTYPES = YES;
				CLANG_WARN_SUSPICIOUS_MOVE = YES;
				CLANG_WARN_UNGUARDED_AVAILABILITY = YES_AGGRESSIVE;
				CLANG_WARN_UNREACHABLE_CODE = YES;
				CLANG_WARN__DUPLICATE_METHOD_MATCH = YES;
				CODE_SIGN_IDENTITY = "iPhone Developer";
				COPY_PHASE_STRIP = NO;
				DEBUG_INFORMATION_FORMAT = dwarf;
				ENABLE_STRICT_OBJC_MSGSEND = YES;
				ENABLE_TESTABILITY = YES;
				GCC_C_LANGUAGE_STANDARD = gnu11;
				GCC_DYNAMIC_NO_PIC = NO;
				GCC_NO_COMMON_BLOCKS = YES;
				GCC_OPTIMIZATION_LEVEL = 0;
				GCC_PREPROCESSOR_DEFINITIONS = (
					"DEBUG=1",
					"$(inherited)",
				);
				GCC_WARN_64_TO_32_BIT_CONVERSION = YES;
				GCC_WARN_ABOUT_RETURN_TYPE = YES_ERROR;
				GCC_WARN_UNDECLARED_SELECTOR = YES;
				GCC_WARN_UNINITIALIZED_AUTOS = YES_AGGRESSIVE;
				GCC_WARN_UNUSED_FUNCTION = YES;
				GCC_WARN_UNUSED_VARIABLE = YES;
				IPHONEOS_DEPLOYMENT_TARGET = 11.0;
				MTL_ENABLE_DEBUG_INFO = YES;
				ONLY_ACTIVE_ARCH = YES;
				SDKROOT = iphoneos;
			};
			name = Debug;
		};
		9B2FA0F51F7A276100AAC6CF /* Release */ = {
			isa = XCBuildConfiguration;
			buildSettings = {
				ALWAYS_SEARCH_USER_PATHS = NO;
				CLANG_ANALYZER_NONNULL = YES;
				CLANG_ANALYZER_NUMBER_OBJECT_CONVERSION = YES_AGGRESSIVE;
				CLANG_CXX_LANGUAGE_STANDARD = "gnu++14";
				CLANG_CXX_LIBRARY = "libc++";
				CLANG_ENABLE_MODULES = YES;
				CLANG_ENABLE_OBJC_ARC = YES;
				CLANG_WARN_BLOCK_CAPTURE_AUTORELEASING = YES;
				CLANG_WARN_BOOL_CONVERSION = YES;
				CLANG_WARN_COMMA = YES;
				CLANG_WARN_CONSTANT_CONVERSION = YES;
				CLANG_WARN_DIRECT_OBJC_ISA_USAGE = YES_ERROR;
				CLANG_WARN_DOCUMENTATION_COMMENTS = YES;
				CLANG_WARN_EMPTY_BODY = YES;
				CLANG_WARN_ENUM_CONVERSION = YES;
				CLANG_WARN_INFINITE_RECURSION = YES;
				CLANG_WARN_INT_CONVERSION = YES;
				CLANG_WARN_NON_LITERAL_NULL_CONVERSION = YES;
				CLANG_WARN_OBJC_LITERAL_CONVERSION = YES;
				CLANG_WARN_OBJC_ROOT_CLASS = YES_ERROR;
				CLANG_WARN_RANGE_LOOP_ANALYSIS = YES;
				CLANG_WARN_STRICT_PROTOTYPES = YES;
				CLANG_WARN_SUSPICIOUS_MOVE = YES;
				CLANG_WARN_UNGUARDED_AVAILABILITY = YES_AGGRESSIVE;
				CLANG_WARN_UNREACHABLE_CODE = YES;
				CLANG_WARN__DUPLICATE_METHOD_MATCH = YES;
				CODE_SIGN_IDENTITY = "iPhone Developer";
				COPY_PHASE_STRIP = NO;
				DEBUG_INFORMATION_FORMAT = "dwarf-with-dsym";
				ENABLE_NS_ASSERTIONS = NO;
				ENABLE_STRICT_OBJC_MSGSEND = YES;
				GCC_C_LANGUAGE_STANDARD = gnu11;
				GCC_NO_COMMON_BLOCKS = YES;
				GCC_WARN_64_TO_32_BIT_CONVERSION = YES;
				GCC_WARN_ABOUT_RETURN_TYPE = YES_ERROR;
				GCC_WARN_UNDECLARED_SELECTOR = YES;
				GCC_WARN_UNINITIALIZED_AUTOS = YES_AGGRESSIVE;
				GCC_WARN_UNUSED_FUNCTION = YES;
				GCC_WARN_UNUSED_VARIABLE = YES;
				IPHONEOS_DEPLOYMENT_TARGET = 11.0;
				MTL_ENABLE_DEBUG_INFO = NO;
				SDKROOT = iphoneos;
				VALIDATE_PRODUCT = YES;
			};
			name = Release;
		};
		9B2FA0F71F7A276100AAC6CF /* Debug */ = {
			isa = XCBuildConfiguration;
			baseConfigurationReference = 3BE2D13F5958B27F6C86EA4E /* Pods-DWLogger.debug.xcconfig */;
			buildSettings = {
				ASSETCATALOG_COMPILER_APPICON_NAME = AppIcon;
				CODE_SIGN_IDENTITY = "iPhone Developer";
				"CODE_SIGN_IDENTITY[sdk=iphoneos*]" = "iPhone Developer";
				CODE_SIGN_STYLE = Automatic;
				DEVELOPMENT_TEAM = Z26Y87B8NH;
				INFOPLIST_FILE = DWLogger/Info.plist;
				IPHONEOS_DEPLOYMENT_TARGET = 10.3;
				LD_RUNPATH_SEARCH_PATHS = "$(inherited) @executable_path/Frameworks";
				PRODUCT_BUNDLE_IDENTIFIER = Wicky.DWLogger;
				PRODUCT_NAME = "$(TARGET_NAME)";
				PROVISIONING_PROFILE_SPECIFIER = "";
				TARGETED_DEVICE_FAMILY = "1,2";
			};
			name = Debug;
		};
		9B2FA0F81F7A276100AAC6CF /* Release */ = {
			isa = XCBuildConfiguration;
			baseConfigurationReference = CC7128D836E4B4E185B3B918 /* Pods-DWLogger.release.xcconfig */;
			buildSettings = {
				ASSETCATALOG_COMPILER_APPICON_NAME = AppIcon;
				CODE_SIGN_IDENTITY = "iPhone Developer";
				"CODE_SIGN_IDENTITY[sdk=iphoneos*]" = "iPhone Developer";
				CODE_SIGN_STYLE = Automatic;
				DEVELOPMENT_TEAM = Z26Y87B8NH;
				INFOPLIST_FILE = DWLogger/Info.plist;
				IPHONEOS_DEPLOYMENT_TARGET = 10.3;
				LD_RUNPATH_SEARCH_PATHS = "$(inherited) @executable_path/Frameworks";
				PRODUCT_BUNDLE_IDENTIFIER = Wicky.DWLogger;
				PRODUCT_NAME = "$(TARGET_NAME)";
				PROVISIONING_PROFILE_SPECIFIER = "";
				TARGETED_DEVICE_FAMILY = "1,2";
			};
			name = Release;
		};
		9B2FA0FA1F7A276100AAC6CF /* Debug */ = {
			isa = XCBuildConfiguration;
			buildSettings = {
				BUNDLE_LOADER = "$(TEST_HOST)";
				CODE_SIGN_STYLE = Automatic;
				INFOPLIST_FILE = DWLoggerTests/Info.plist;
				LD_RUNPATH_SEARCH_PATHS = "$(inherited) @executable_path/Frameworks @loader_path/Frameworks";
				PRODUCT_BUNDLE_IDENTIFIER = Wicky.DWLoggerTests;
				PRODUCT_NAME = "$(TARGET_NAME)";
				TARGETED_DEVICE_FAMILY = "1,2";
				TEST_HOST = "$(BUILT_PRODUCTS_DIR)/DWLogger.app/DWLogger";
			};
			name = Debug;
		};
		9B2FA0FB1F7A276100AAC6CF /* Release */ = {
			isa = XCBuildConfiguration;
			buildSettings = {
				BUNDLE_LOADER = "$(TEST_HOST)";
				CODE_SIGN_STYLE = Automatic;
				INFOPLIST_FILE = DWLoggerTests/Info.plist;
				LD_RUNPATH_SEARCH_PATHS = "$(inherited) @executable_path/Frameworks @loader_path/Frameworks";
				PRODUCT_BUNDLE_IDENTIFIER = Wicky.DWLoggerTests;
				PRODUCT_NAME = "$(TARGET_NAME)";
				TARGETED_DEVICE_FAMILY = "1,2";
				TEST_HOST = "$(BUILT_PRODUCTS_DIR)/DWLogger.app/DWLogger";
			};
			name = Release;
		};
		9B2FA0FD1F7A276100AAC6CF /* Debug */ = {
			isa = XCBuildConfiguration;
			buildSettings = {
				CODE_SIGN_STYLE = Automatic;
				INFOPLIST_FILE = DWLoggerUITests/Info.plist;
				LD_RUNPATH_SEARCH_PATHS = "$(inherited) @executable_path/Frameworks @loader_path/Frameworks";
				PRODUCT_BUNDLE_IDENTIFIER = Wicky.DWLoggerUITests;
				PRODUCT_NAME = "$(TARGET_NAME)";
				TARGETED_DEVICE_FAMILY = "1,2";
				TEST_TARGET_NAME = DWLogger;
			};
			name = Debug;
		};
		9B2FA0FE1F7A276100AAC6CF /* Release */ = {
			isa = XCBuildConfiguration;
			buildSettings = {
				CODE_SIGN_STYLE = Automatic;
				INFOPLIST_FILE = DWLoggerUITests/Info.plist;
				LD_RUNPATH_SEARCH_PATHS = "$(inherited) @executable_path/Frameworks @loader_path/Frameworks";
				PRODUCT_BUNDLE_IDENTIFIER = Wicky.DWLoggerUITests;
				PRODUCT_NAME = "$(TARGET_NAME)";
				TARGETED_DEVICE_FAMILY = "1,2";
				TEST_TARGET_NAME = DWLogger;
			};
			name = Release;
		};
/* End XCBuildConfiguration section */

/* Begin XCConfigurationList section */
		9B2FA0C51F7A276100AAC6CF /* Build configuration list for PBXProject "DWLogger" */ = {
			isa = XCConfigurationList;
			buildConfigurations = (
				9B2FA0F41F7A276100AAC6CF /* Debug */,
				9B2FA0F51F7A276100AAC6CF /* Release */,
			);
			defaultConfigurationIsVisible = 0;
			defaultConfigurationName = Release;
		};
		9B2FA0F61F7A276100AAC6CF /* Build configuration list for PBXNativeTarget "DWLogger" */ = {
			isa = XCConfigurationList;
			buildConfigurations = (
				9B2FA0F71F7A276100AAC6CF /* Debug */,
				9B2FA0F81F7A276100AAC6CF /* Release */,
			);
			defaultConfigurationIsVisible = 0;
			defaultConfigurationName = Release;
		};
		9B2FA0F91F7A276100AAC6CF /* Build configuration list for PBXNativeTarget "DWLoggerTests" */ = {
			isa = XCConfigurationList;
			buildConfigurations = (
				9B2FA0FA1F7A276100AAC6CF /* Debug */,
				9B2FA0FB1F7A276100AAC6CF /* Release */,
			);
			defaultConfigurationIsVisible = 0;
			defaultConfigurationName = Release;
		};
		9B2FA0FC1F7A276100AAC6CF /* Build configuration list for PBXNativeTarget "DWLoggerUITests" */ = {
			isa = XCConfigurationList;
			buildConfigurations = (
				9B2FA0FD1F7A276100AAC6CF /* Debug */,
				9B2FA0FE1F7A276100AAC6CF /* Release */,
			);
			defaultConfigurationIsVisible = 0;
			defaultConfigurationName = Release;
		};
/* End XCConfigurationList section */
	};
	rootObject = 9B2FA0C21F7A276100AAC6CF /* Project object */;
}
